
Microsoft Visual Studio Solution File, Format Version 12.00
# Visual Studio Version 17
VisualStudioVersion = 17.1.32421.90
MinimumVisualStudioVersion = 10.0.40219.1
Project("{FAE04EC0-301F-11D3-BF4B-00C04F79EFBC}") = "Server", "Server\Server.csproj", "{D8F52284-89B3-4DF1-BA7E-8B97E405F438}"
EndProject
Project("{FAE04EC0-301F-11D3-BF4B-00C04F79EFBC}") = "Client", "Client\Client.csproj", "{0B07CB33-9F95-4430-8D18-E76AC31C4268}"
EndProject
Project("{FAE04EC0-301F-11D3-BF4B-00C04F79EFBC}") = "Shared", "Shared\Shared.csproj", "{BD0379C1-14EB-445B-A9CA-73220E808555}"
EndProject
Global
	GlobalSection(SolutionConfigurationPlatforms) = preSolution
		Debug|Any CPU = Debug|Any CPU
		Release|Any CPU = Release|Any CPU
	EndGlobalSection
	GlobalSection(ProjectConfigurationPlatforms) = postSolution
		{D8F52284-89B3-4DF1-BA7E-8B97E405F438}.Debug|Any CPU.ActiveCfg = Debug|Any CPU
		{D8F52284-89B3-4DF1-BA7E-8B97E405F438}.Debug|Any CPU.Build.0 = Debug|Any CPU
		{D8F52284-89B3-4DF1-BA7E-8B97E405F438}.Release|Any CPU.ActiveCfg = Release|Any CPU
		{D8F52284-89B3-4DF1-BA7E-8B97E405F438}.Release|Any CPU.Build.0 = Release|Any CPU
		{0B07CB33-9F95-4430-8D18-E76AC31C4268}.Debug|Any CPU.ActiveCfg = Debug|Any CPU
		{0B07CB33-9F95-4430-8D18-E76AC31C4268}.Debug|Any CPU.Build.0 = Debug|Any CPU
		{0B07CB33-9F95-4430-8D18-E76AC31C4268}.Release|Any CPU.ActiveCfg = Release|Any CPU
		{0B07CB33-9F95-4430-8D18-E76AC31C4268}.Release|Any CPU.Build.0 = Release|Any CPU
		{BD0379C1-14EB-445B-A9CA-73220E808555}.Debug|Any CPU.ActiveCfg = Debug|Any CPU
		{BD0379C1-14EB-445B-A9CA-73220E808555}.Debug|Any CPU.Build.0 = Debug|Any CPU
		{BD0379C1-14EB-445B-A9CA-73220E808555}.Release|Any CPU.ActiveCfg = Release|Any CPU
		{BD0379C1-14EB-445B-A9CA-73220E808555}.Release|Any CPU.Build.0 = Release|Any CPU
	EndGlobalSection
	GlobalSection(SolutionProperties) = preSolution
		HideSolutionNode = FALSE
	EndGlobalSection
	GlobalSection(ExtensibilityGlobals) = postSolution
		SolutionGuid = {C6CA4B85-6962-46EA-9A7F-1B78D27255C1}
	EndGlobalSection
EndGlobal
